
Microsoft Visual Studio Solution File, Format Version 12.00
# Visual Studio 15
VisualStudioVersion = 15.0.26730.15
MinimumVisualStudioVersion = 10.0.40219.1
Project("{FAE04EC0-301F-11D3-BF4B-00C04F79EFBC}") = "Task_Book", "Task_Book\Task_Book.csproj", "{EF86EC54-29CA-49A9-9499-4873E1CB7407}"
EndProject
Global
	GlobalSection(SolutionConfigurationPlatforms) = preSolution
		Debug|Any CPU = Debug|Any CPU
		Release|Any CPU = Release|Any CPU
	EndGlobalSection
	GlobalSection(ProjectConfigurationPlatforms) = postSolution
		{EF86EC54-29CA-49A9-9499-4873E1CB7407}.Debug|Any CPU.ActiveCfg = Debug|Any CPU
		{EF86EC54-29CA-49A9-9499-4873E1CB7407}.Debug|Any CPU.Build.0 = Debug|Any CPU
		{EF86EC54-29CA-49A9-9499-4873E1CB7407}.Release|Any CPU.ActiveCfg = Release|Any CPU
		{EF86EC54-29CA-49A9-9499-4873E1CB7407}.Release|Any CPU.Build.0 = Release|Any CPU
	EndGlobalSection
	GlobalSection(SolutionProperties) = preSolution
		HideSolutionNode = FALSE
	EndGlobalSection
	GlobalSection(ExtensibilityGlobals) = postSolution
		SolutionGuid = {4B14443E-2467-41EE-BD03-DEB628E58DD9}
	EndGlobalSection
EndGlobal
