
Microsoft Visual Studio Solution File, Format Version 12.00
# Visual Studio 15
VisualStudioVersion = 15.0.26730.15
MinimumVisualStudioVersion = 10.0.40219.1
Project("{FAE04EC0-301F-11D3-BF4B-00C04F79EFBC}") = "Task.Firma", "Task.Firma\Task.Firma.csproj", "{7A364743-50E0-489B-B634-C52160E38818}"
EndProject
Global
	GlobalSection(SolutionConfigurationPlatforms) = preSolution
		Debug|Any CPU = Debug|Any CPU
		Release|Any CPU = Release|Any CPU
	EndGlobalSection
	GlobalSection(ProjectConfigurationPlatforms) = postSolution
		{7A364743-50E0-489B-B634-C52160E38818}.Debug|Any CPU.ActiveCfg = Debug|Any CPU
		{7A364743-50E0-489B-B634-C52160E38818}.Debug|Any CPU.Build.0 = Debug|Any CPU
		{7A364743-50E0-489B-B634-C52160E38818}.Release|Any CPU.ActiveCfg = Release|Any CPU
		{7A364743-50E0-489B-B634-C52160E38818}.Release|Any CPU.Build.0 = Release|Any CPU
	EndGlobalSection
	GlobalSection(SolutionProperties) = preSolution
		HideSolutionNode = FALSE
	EndGlobalSection
	GlobalSection(ExtensibilityGlobals) = postSolution
		SolutionGuid = {1B020B06-91CA-435B-A36A-0451ABE9C9FF}
	EndGlobalSection
EndGlobal
